
Microsoft Visual Studio Solution File, Format Version 12.00
# Visual Studio Version 17
VisualStudioVersion = 17.9.34622.214
MinimumVisualStudioVersion = 10.0.40219.1
Project("{9A19103F-16F7-4668-BE54-9A1E7A4F7556}") = "LabyBuild", "LabyBuild.csproj", "{F1E670F6-AF45-420C-9C51-7116FB8A5907}"
EndProject
Project("{FAE04EC0-301F-11D3-BF4B-00C04F79EFBC}") = "InterfaceLab", "..\InterfaceLab\InterfaceLab.csproj", "{7233114C-6681-4C40-A288-4225EC090B65}"
EndProject
Global
	GlobalSection(SolutionConfigurationPlatforms) = preSolution
		Debug|Any CPU = Debug|Any CPU
		Release|Any CPU = Release|Any CPU
	EndGlobalSection
	GlobalSection(ProjectConfigurationPlatforms) = postSolution
		{F1E670F6-AF45-420C-9C51-7116FB8A5907}.Debug|Any CPU.ActiveCfg = Debug|Any CPU
		{F1E670F6-AF45-420C-9C51-7116FB8A5907}.Debug|Any CPU.Build.0 = Debug|Any CPU
		{F1E670F6-AF45-420C-9C51-7116FB8A5907}.Release|Any CPU.ActiveCfg = Release|Any CPU
		{F1E670F6-AF45-420C-9C51-7116FB8A5907}.Release|Any CPU.Build.0 = Release|Any CPU
		{7233114C-6681-4C40-A288-4225EC090B65}.Debug|Any CPU.ActiveCfg = Debug|Any CPU
		{7233114C-6681-4C40-A288-4225EC090B65}.Debug|Any CPU.Build.0 = Debug|Any CPU
		{7233114C-6681-4C40-A288-4225EC090B65}.Release|Any CPU.ActiveCfg = Release|Any CPU
		{7233114C-6681-4C40-A288-4225EC090B65}.Release|Any CPU.Build.0 = Release|Any CPU
	EndGlobalSection
	GlobalSection(SolutionProperties) = preSolution
		HideSolutionNode = FALSE
	EndGlobalSection
	GlobalSection(ExtensibilityGlobals) = postSolution
		SolutionGuid = {33D6361E-8730-4710-A430-D23554CAA52E}
	EndGlobalSection
EndGlobal
